
Microsoft Visual Studio Solution File, Format Version 11.00
# Visual Studio 2010
Project("{FAE04EC0-301F-11D3-BF4B-00C04F79EFBC}") = "ComHubCostco", "ComHubCostco\ComHubCostco.csproj", "{27F33C37-5FCF-48D6-80F9-47CC938546C5}"
EndProject
Project("{FAE04EC0-301F-11D3-BF4B-00C04F79EFBC}") = "ComHub", "ComHub\ComHub.csproj", "{1150A169-87DB-4FE4-83FC-A00D628E6A8B}"
EndProject
Global
	GlobalSection(SolutionConfigurationPlatforms) = preSolution
		Debug|Any CPU = Debug|Any CPU
		Debug|Mixed Platforms = Debug|Mixed Platforms
		Debug|x86 = Debug|x86
		Release|Any CPU = Release|Any CPU
		Release|Mixed Platforms = Release|Mixed Platforms
		Release|x86 = Release|x86
	EndGlobalSection
	GlobalSection(ProjectConfigurationPlatforms) = postSolution
		{27F33C37-5FCF-48D6-80F9-47CC938546C5}.Debug|Any CPU.ActiveCfg = Debug|x86
		{27F33C37-5FCF-48D6-80F9-47CC938546C5}.Debug|Mixed Platforms.ActiveCfg = Debug|x86
		{27F33C37-5FCF-48D6-80F9-47CC938546C5}.Debug|Mixed Platforms.Build.0 = Debug|x86
		{27F33C37-5FCF-48D6-80F9-47CC938546C5}.Debug|x86.ActiveCfg = Debug|x86
		{27F33C37-5FCF-48D6-80F9-47CC938546C5}.Debug|x86.Build.0 = Debug|x86
		{27F33C37-5FCF-48D6-80F9-47CC938546C5}.Release|Any CPU.ActiveCfg = Release|x86
		{27F33C37-5FCF-48D6-80F9-47CC938546C5}.Release|Mixed Platforms.ActiveCfg = Release|x86
		{27F33C37-5FCF-48D6-80F9-47CC938546C5}.Release|Mixed Platforms.Build.0 = Release|x86
		{27F33C37-5FCF-48D6-80F9-47CC938546C5}.Release|x86.ActiveCfg = Release|x86
		{27F33C37-5FCF-48D6-80F9-47CC938546C5}.Release|x86.Build.0 = Release|x86
		{1150A169-87DB-4FE4-83FC-A00D628E6A8B}.Debug|Any CPU.ActiveCfg = Debug|Any CPU
		{1150A169-87DB-4FE4-83FC-A00D628E6A8B}.Debug|Any CPU.Build.0 = Debug|Any CPU
		{1150A169-87DB-4FE4-83FC-A00D628E6A8B}.Debug|Mixed Platforms.ActiveCfg = Debug|Any CPU
		{1150A169-87DB-4FE4-83FC-A00D628E6A8B}.Debug|Mixed Platforms.Build.0 = Debug|Any CPU
		{1150A169-87DB-4FE4-83FC-A00D628E6A8B}.Debug|x86.ActiveCfg = Debug|Any CPU
		{1150A169-87DB-4FE4-83FC-A00D628E6A8B}.Release|Any CPU.ActiveCfg = Release|Any CPU
		{1150A169-87DB-4FE4-83FC-A00D628E6A8B}.Release|Any CPU.Build.0 = Release|Any CPU
		{1150A169-87DB-4FE4-83FC-A00D628E6A8B}.Release|Mixed Platforms.ActiveCfg = Release|Any CPU
		{1150A169-87DB-4FE4-83FC-A00D628E6A8B}.Release|Mixed Platforms.Build.0 = Release|Any CPU
		{1150A169-87DB-4FE4-83FC-A00D628E6A8B}.Release|x86.ActiveCfg = Release|Any CPU
	EndGlobalSection
	GlobalSection(SolutionProperties) = preSolution
		HideSolutionNode = FALSE
	EndGlobalSection
EndGlobal
